{
  "name": "obs-winrate",
  "lockfileVersion": 3,
  "requires": true,
  "packages": {
    "": {
      "devDependencies": {
        "@types/wicg-file-system-access": "^2020.9.6"
      }
    },
    "node_modules/@types/wicg-file-system-access": {
      "version": "2020.9.6",
      "resolved": "https://registry.npmjs.org/@types/wicg-file-system-access/-/wicg-file-system-access-2020.9.6.tgz",
      "integrity": "sha512-6hogE75Hl2Ov/jgp8ZhDaGmIF/q3J07GtXf8nCJCwKTHq7971po5+DId7grft09zG7plBwpF6ZU0yx9Du4/e1A==",
      "dev": true
    }
  }
}
